
Microsoft Visual Studio Solution File, Format Version 12.00
# Visual Studio 14
VisualStudioVersion = 14.0.25420.1
MinimumVisualStudioVersion = 10.0.40219.1
Project("{F088123C-0E9E-452A-89E6-6BA2F21D5CAC}") = "Acolyte.AnalysisModel", "Acolyte.AnalysisModel\Acolyte.AnalysisModel.modelproj", "{685A37F5-6624-472C-B68E-1CDE83D16C2A}"
EndProject
Project("{F088123C-0E9E-452A-89E6-6BA2F21D5CAC}") = "Acolyte.DesignModel", "Acolyte.DesignModel\Acolyte.DesignModel.modelproj", "{145A361A-7C5B-42EC-9C7F-8E3ADA60B329}"
EndProject
Project("{FAE04EC0-301F-11D3-BF4B-00C04F79EFBC}") = "Entities", "Entities\Entities.csproj", "{44DE906C-EAA7-4892-A730-FBD0D85B2172}"
EndProject
Project("{FAE04EC0-301F-11D3-BF4B-00C04F79EFBC}") = "Prototype", "Prototype\Prototype.csproj", "{3D637CB0-8051-44B8-9A63-A2DE0E6233A6}"
EndProject
Project("{FAE04EC0-301F-11D3-BF4B-00C04F79EFBC}") = "Acolyte.DesignModelLib", "Acolyte.DesignModelLib\Acolyte.DesignModelLib.csproj", "{E53D76EF-6F40-4E92-BC22-AC94720CBC2C}"
EndProject
Global
	GlobalSection(SolutionConfigurationPlatforms) = preSolution
		Debug|Any CPU = Debug|Any CPU
		Release|Any CPU = Release|Any CPU
	EndGlobalSection
	GlobalSection(ProjectConfigurationPlatforms) = postSolution
		{685A37F5-6624-472C-B68E-1CDE83D16C2A}.Debug|Any CPU.ActiveCfg = Debug|Any CPU
		{685A37F5-6624-472C-B68E-1CDE83D16C2A}.Debug|Any CPU.Build.0 = Debug|Any CPU
		{685A37F5-6624-472C-B68E-1CDE83D16C2A}.Release|Any CPU.ActiveCfg = Release|Any CPU
		{685A37F5-6624-472C-B68E-1CDE83D16C2A}.Release|Any CPU.Build.0 = Release|Any CPU
		{145A361A-7C5B-42EC-9C7F-8E3ADA60B329}.Debug|Any CPU.ActiveCfg = Debug|Any CPU
		{145A361A-7C5B-42EC-9C7F-8E3ADA60B329}.Debug|Any CPU.Build.0 = Debug|Any CPU
		{145A361A-7C5B-42EC-9C7F-8E3ADA60B329}.Release|Any CPU.ActiveCfg = Release|Any CPU
		{145A361A-7C5B-42EC-9C7F-8E3ADA60B329}.Release|Any CPU.Build.0 = Release|Any CPU
		{44DE906C-EAA7-4892-A730-FBD0D85B2172}.Debug|Any CPU.ActiveCfg = Debug|Any CPU
		{44DE906C-EAA7-4892-A730-FBD0D85B2172}.Debug|Any CPU.Build.0 = Debug|Any CPU
		{44DE906C-EAA7-4892-A730-FBD0D85B2172}.Release|Any CPU.ActiveCfg = Release|Any CPU
		{44DE906C-EAA7-4892-A730-FBD0D85B2172}.Release|Any CPU.Build.0 = Release|Any CPU
		{3D637CB0-8051-44B8-9A63-A2DE0E6233A6}.Debug|Any CPU.ActiveCfg = Debug|Any CPU
		{3D637CB0-8051-44B8-9A63-A2DE0E6233A6}.Debug|Any CPU.Build.0 = Debug|Any CPU
		{3D637CB0-8051-44B8-9A63-A2DE0E6233A6}.Release|Any CPU.ActiveCfg = Release|Any CPU
		{3D637CB0-8051-44B8-9A63-A2DE0E6233A6}.Release|Any CPU.Build.0 = Release|Any CPU
		{E53D76EF-6F40-4E92-BC22-AC94720CBC2C}.Debug|Any CPU.ActiveCfg = Debug|Any CPU
		{E53D76EF-6F40-4E92-BC22-AC94720CBC2C}.Debug|Any CPU.Build.0 = Debug|Any CPU
		{E53D76EF-6F40-4E92-BC22-AC94720CBC2C}.Release|Any CPU.ActiveCfg = Release|Any CPU
		{E53D76EF-6F40-4E92-BC22-AC94720CBC2C}.Release|Any CPU.Build.0 = Release|Any CPU
	EndGlobalSection
	GlobalSection(SolutionProperties) = preSolution
		HideSolutionNode = FALSE
	EndGlobalSection
EndGlobal
